// !$*UTF8*$!
{
	archiveVersion = 1;
	classes = {
	};
	objectVersion = 54;
	objects = {

/* Begin PBXBuildFile section */
		05221E8626700772007246FF /* DictionaryIsEmpty.swift in Sources */ = {isa = PBXBuildFile; fileRef = 05221E8526700772007246FF /* DictionaryIsEmpty.swift */; };
		05221E88267009A8007246FF /* SensorViewController.swift in Sources */ = {isa = PBXBuildFile; fileRef = 05221E87267009A8007246FF /* SensorViewController.swift */; };
		05221E8B26700A57007246FF /* SensorViewController.xib in Resources */ = {isa = PBXBuildFile; fileRef = 05221E8926700A57007246FF /* SensorViewController.xib */; };
		052FBC34251ECA8600C4322E /* IOKit.framework in Frameworks */ = {isa = PBXBuildFile; fileRef = 052FBC33251ECA8600C4322E /* IOKit.framework */; };
		052FBCA3251EE43B00C4322E /* PreferencesWindowController.swift in Sources */ = {isa = PBXBuildFile; fileRef = 052FBCA2251EE43B00C4322E /* PreferencesWindowController.swift */; };
		052FBCA7251EE46700C4322E /* PreferencesWindowController.xib in Resources */ = {isa = PBXBuildFile; fileRef = 052FBCA5251EE46700C4322E /* PreferencesWindowController.xib */; };
		052FBCD4251F842C00C4322E /* SpeedTemplate.pdf in Resources */ = {isa = PBXBuildFile; fileRef = 052FBCCF251F842C00C4322E /* SpeedTemplate.pdf */; };
		052FBCD5251F842C00C4322E /* CPUTemplate.pdf in Resources */ = {isa = PBXBuildFile; fileRef = 052FBCD1251F842C00C4322E /* CPUTemplate.pdf */; };
		052FBCD6251F842C00C4322E /* TemperatureTemplate.pdf in Resources */ = {isa = PBXBuildFile; fileRef = 052FBCD2251F842C00C4322E /* TemperatureTemplate.pdf */; };
		052FBCD7251F842C00C4322E /* SchedulerTemplate.pdf in Resources */ = {isa = PBXBuildFile; fileRef = 052FBCD3251F842C00C4322E /* SchedulerTemplate.pdf */; };
		05566A082990F85200E7A5F1 /* SensorIcon.swift in Sources */ = {isa = PBXBuildFile; fileRef = 055669EA2990F85200E7A5F1 /* SensorIcon.swift */; };
		05566A092990F85200E7A5F1 /* SensorsWindowController.swift in Sources */ = {isa = PBXBuildFile; fileRef = 055669EB2990F85200E7A5F1 /* SensorsWindowController.swift */; };
		05566A0A2990F85200E7A5F1 /* VoltageTemplate.pdf in Resources */ = {isa = PBXBuildFile; fileRef = 055669ED2990F85200E7A5F1 /* VoltageTemplate.pdf */; };
		05566A0B2990F85200E7A5F1 /* CurrentTemplate.pdf in Resources */ = {isa = PBXBuildFile; fileRef = 055669EE2990F85200E7A5F1 /* CurrentTemplate.pdf */; };
		05566A0C2990F85200E7A5F1 /* ThermalTemplate.pdf in Resources */ = {isa = PBXBuildFile; fileRef = 055669EF2990F85200E7A5F1 /* ThermalTemplate.pdf */; };
		05566A0D2990F85200E7A5F1 /* SensorValue.swift in Sources */ = {isa = PBXBuildFile; fileRef = 055669F02990F85200E7A5F1 /* SensorValue.swift */; };
		05566A0E2990F85200E7A5F1 /* SensorHistoryData.swift in Sources */ = {isa = PBXBuildFile; fileRef = 055669F12990F85200E7A5F1 /* SensorHistoryData.swift */; };
		05566A0F2990F85200E7A5F1 /* ArrayIsNotEmpty.swift in Sources */ = {isa = PBXBuildFile; fileRef = 055669F22990F85200E7A5F1 /* ArrayIsNotEmpty.swift */; };
		05566A102990F85200E7A5F1 /* SensorItem.swift in Sources */ = {isa = PBXBuildFile; fileRef = 055669F32990F85200E7A5F1 /* SensorItem.swift */; };
		05566A112990F85200E7A5F1 /* SensorItem.xib in Resources */ = {isa = PBXBuildFile; fileRef = 055669F42990F85200E7A5F1 /* SensorItem.xib */; };
		05566A122990F85200E7A5F1 /* SensorsWindowController.xib in Resources */ = {isa = PBXBuildFile; fileRef = 055669F62990F85200E7A5F1 /* SensorsWindowController.xib */; };
		05566A132990F85200E7A5F1 /* ArrayIsEmpty.swift in Sources */ = {isa = PBXBuildFile; fileRef = 055669F82990F85200E7A5F1 /* ArrayIsEmpty.swift */; };
		05566A142990F85200E7A5F1 /* SensorGraphView.swift in Sources */ = {isa = PBXBuildFile; fileRef = 055669F92990F85200E7A5F1 /* SensorGraphView.swift */; };
		05566A152990F85200E7A5F1 /* NSImage.swift in Sources */ = {isa = PBXBuildFile; fileRef = 055669FA2990F85200E7A5F1 /* NSImage.swift */; };
		05566A162990F85200E7A5F1 /* Sensors.swift in Sources */ = {isa = PBXBuildFile; fileRef = 055669FB2990F85200E7A5F1 /* Sensors.swift */; };
		05566A172990F85200E7A5F1 /* Synchronizable.swift in Sources */ = {isa = PBXBuildFile; fileRef = 055669FC2990F85200E7A5F1 /* Synchronizable.swift */; };
		05566A182990F85200E7A5F1 /* Colors.swift in Sources */ = {isa = PBXBuildFile; fileRef = 055669FD2990F85200E7A5F1 /* Colors.swift */; };
		05566A192990F85200E7A5F1 /* IOHIDData.swift in Sources */ = {isa = PBXBuildFile; fileRef = 05566A012990F85200E7A5F1 /* IOHIDData.swift */; };
		05566A1A2990F85200E7A5F1 /* IOHID.m in Sources */ = {isa = PBXBuildFile; fileRef = 05566A022990F85200E7A5F1 /* IOHID.m */; };
		05566A1B2990F85200E7A5F1 /* SMC.m in Sources */ = {isa = PBXBuildFile; fileRef = 05566A042990F85200E7A5F1 /* SMC.m */; };
		05566A1C2990F85200E7A5F1 /* SMCData.swift in Sources */ = {isa = PBXBuildFile; fileRef = 05566A052990F85200E7A5F1 /* SMCData.swift */; };
		055A9320252778C10070F771 /* InfoViewController.swift in Sources */ = {isa = PBXBuildFile; fileRef = 055A931F252778C10070F771 /* InfoViewController.swift */; };
		055A9323252778D00070F771 /* InfoViewController.xib in Resources */ = {isa = PBXBuildFile; fileRef = 055A9321252778D00070F771 /* InfoViewController.xib */; };
		055A932525277E9E0070F771 /* IntegerToString.swift in Sources */ = {isa = PBXBuildFile; fileRef = 055A932425277E9E0070F771 /* IntegerToString.swift */; };
		055A932725277F6E0070F771 /* TemperatureToString.swift in Sources */ = {isa = PBXBuildFile; fileRef = 055A932625277F6E0070F771 /* TemperatureToString.swift */; };
		055A932925277F990070F771 /* PercentToString.swift in Sources */ = {isa = PBXBuildFile; fileRef = 055A932825277F990070F771 /* PercentToString.swift */; };
		055A932B252780FD0070F771 /* GraphView.swift in Sources */ = {isa = PBXBuildFile; fileRef = 055A932A252780FD0070F771 /* GraphView.swift */; };
		057F8B00251D22360048F1E1 /* StatusIconTemplate.pdf in Resources */ = {isa = PBXBuildFile; fileRef = 057F8AFF251D22360048F1E1 /* StatusIconTemplate.pdf */; };
		057F8B0C251D273E0048F1E1 /* AboutWindowController.swift in Sources */ = {isa = PBXBuildFile; fileRef = 057F8B0B251D273E0048F1E1 /* AboutWindowController.swift */; };
		057F8B11251D274C0048F1E1 /* NSApplication+LaunchServices.m in Sources */ = {isa = PBXBuildFile; fileRef = 057F8B10251D274C0048F1E1 /* NSApplication+LaunchServices.m */; };
		057F8B15251D27650048F1E1 /* AboutWindowController.xib in Resources */ = {isa = PBXBuildFile; fileRef = 057F8B13251D27650048F1E1 /* AboutWindowController.xib */; };
		057F8B1B251D2A970048F1E1 /* Icon.icns in Resources */ = {isa = PBXBuildFile; fileRef = 057F8B1A251D2A970048F1E1 /* Icon.icns */; };
		057F8B65251D2D5F0048F1E1 /* GitHubUpdates.framework in Frameworks */ = {isa = PBXBuildFile; fileRef = 057F8B5C251D2D510048F1E1 /* GitHubUpdates.framework */; };
		057F8B67251D2D680048F1E1 /* GitHubUpdates.framework in CopyFiles */ = {isa = PBXBuildFile; fileRef = 057F8B5C251D2D510048F1E1 /* GitHubUpdates.framework */; settings = {ATTRIBUTES = (CodeSignOnCopy, RemoveHeadersOnCopy, ); }; };
		05AA407A251CF3D200106CEA /* ApplicationDelegate.swift in Sources */ = {isa = PBXBuildFile; fileRef = 05AA4079251CF3D200106CEA /* ApplicationDelegate.swift */; };
		05AA407F251CF3D600106CEA /* MainMenu.xib in Resources */ = {isa = PBXBuildFile; fileRef = 05AA407D251CF3D600106CEA /* MainMenu.xib */; };
		05AA408D251CFA0600106CEA /* ThermalLog.swift in Sources */ = {isa = PBXBuildFile; fileRef = 05AA408C251CFA0600106CEA /* ThermalLog.swift */; };
		05AD458829084FEF00A791C8 /* SelectSensorsWindowController.swift in Sources */ = {isa = PBXBuildFile; fileRef = 05AD458729084FEF00A791C8 /* SelectSensorsWindowController.swift */; };
		05AD458C2908505900A791C8 /* SelectSensorsWindowController.xib in Resources */ = {isa = PBXBuildFile; fileRef = 05AD458E2908505900A791C8 /* SelectSensorsWindowController.xib */; };
		05AD459029092B8400A791C8 /* BatteryTemplate.pdf in Resources */ = {isa = PBXBuildFile; fileRef = 05AD458F29092B8400A791C8 /* BatteryTemplate.pdf */; };
		05AD459229092CEB00A791C8 /* TCalTemplate.pdf in Resources */ = {isa = PBXBuildFile; fileRef = 05AD459129092CEB00A791C8 /* TCalTemplate.pdf */; };
		05B0DFA426714A830068FF9B /* pAccTemplate.pdf in Resources */ = {isa = PBXBuildFile; fileRef = 05B0DFA026714A830068FF9B /* pAccTemplate.pdf */; };
		05B0DFA526714A830068FF9B /* UnknownTemplate.pdf in Resources */ = {isa = PBXBuildFile; fileRef = 05B0DFA226714A830068FF9B /* UnknownTemplate.pdf */; };
		05B0DFA626714A830068FF9B /* eAccTemplate.pdf in Resources */ = {isa = PBXBuildFile; fileRef = 05B0DFA326714A830068FF9B /* eAccTemplate.pdf */; };
		05B0DFAA267150F40068FF9B /* TCXCTemplate.pdf in Resources */ = {isa = PBXBuildFile; fileRef = 05B0DFA8267150F40068FF9B /* TCXCTemplate.pdf */; };
		05BA0BAA26F342DA00AA7BFC /* PressureToString.swift in Sources */ = {isa = PBXBuildFile; fileRef = 05BA0BA926F342DA00AA7BFC /* PressureToString.swift */; };
		05BA0BAD26F347A500AA7BFC /* PressureTemplate.pdf in Resources */ = {isa = PBXBuildFile; fileRef = 05BA0BAC26F347A500AA7BFC /* PressureTemplate.pdf */; };
/* End PBXBuildFile section */

/* Begin PBXContainerItemProxy section */
		057F8B5B251D2D510048F1E1 /* PBXContainerItemProxy */ = {
			isa = PBXContainerItemProxy;
			containerPortal = 057F8B56251D2D510048F1E1 /* GitHubUpdates.xcodeproj */;
			proxyType = 2;
			remoteGlobalIDString = 05F82B251EF32EA700EC8A93;
			remoteInfo = GitHubUpdates;
		};
		057F8B5D251D2D510048F1E1 /* PBXContainerItemProxy */ = {
			isa = PBXContainerItemProxy;
			containerPortal = 057F8B56251D2D510048F1E1 /* GitHubUpdates.xcodeproj */;
			proxyType = 2;
			remoteGlobalIDString = 0555EBA01EF3DDA10016167F;
			remoteInfo = Relauncher;
		};
		057F8B62251D2D5B0048F1E1 /* PBXContainerItemProxy */ = {
			isa = PBXContainerItemProxy;
			containerPortal = 057F8B56251D2D510048F1E1 /* GitHubUpdates.xcodeproj */;
			proxyType = 1;
			remoteGlobalIDString = 05F82B241EF32EA700EC8A93;
			remoteInfo = GitHubUpdates;
		};
/* End PBXContainerItemProxy section */

/* Begin PBXCopyFilesBuildPhase section */
		057F8B66251D2D620048F1E1 /* CopyFiles */ = {
			isa = PBXCopyFilesBuildPhase;
			buildActionMask = 2147483647;
			dstPath = "";
			dstSubfolderSpec = 10;
			files = (
				057F8B67251D2D680048F1E1 /* GitHubUpdates.framework in CopyFiles */,
			);
			runOnlyForDeploymentPostprocessing = 0;
		};
/* End PBXCopyFilesBuildPhase section */

/* Begin PBXFileReference section */
		05221E8526700772007246FF /* DictionaryIsEmpty.swift */ = {isa = PBXFileReference; lastKnownFileType = sourcecode.swift; path = DictionaryIsEmpty.swift; sourceTree = "<group>"; };
		05221E87267009A8007246FF /* SensorViewController.swift */ = {isa = PBXFileReference; lastKnownFileType = sourcecode.swift; path = SensorViewController.swift; sourceTree = "<group>"; };
		05221E8A26700A57007246FF /* Base */ = {isa = PBXFileReference; lastKnownFileType = file.xib; name = Base; path = Base.lproj/SensorViewController.xib; sourceTree = "<group>"; };
		052FBC33251ECA8600C4322E /* IOKit.framework */ = {isa = PBXFileReference; lastKnownFileType = wrapper.framework; name = IOKit.framework; path = System/Library/Frameworks/IOKit.framework; sourceTree = SDKROOT; };
		052FBCA2251EE43B00C4322E /* PreferencesWindowController.swift */ = {isa = PBXFileReference; lastKnownFileType = sourcecode.swift; path = PreferencesWindowController.swift; sourceTree = "<group>"; };
		052FBCA6251EE46700C4322E /* Base */ = {isa = PBXFileReference; lastKnownFileType = file.xib; name = Base; path = Base.lproj/PreferencesWindowController.xib; sourceTree = "<group>"; };
		052FBCCF251F842C00C4322E /* SpeedTemplate.pdf */ = {isa = PBXFileReference; lastKnownFileType = image.pdf; path = SpeedTemplate.pdf; sourceTree = "<group>"; };
		052FBCD1251F842C00C4322E /* CPUTemplate.pdf */ = {isa = PBXFileReference; lastKnownFileType = image.pdf; path = CPUTemplate.pdf; sourceTree = "<group>"; };
		052FBCD2251F842C00C4322E /* TemperatureTemplate.pdf */ = {isa = PBXFileReference; lastKnownFileType = image.pdf; path = TemperatureTemplate.pdf; sourceTree = "<group>"; };
		052FBCD3251F842C00C4322E /* SchedulerTemplate.pdf */ = {isa = PBXFileReference; lastKnownFileType = image.pdf; path = SchedulerTemplate.pdf; sourceTree = "<group>"; };
		055669EA2990F85200E7A5F1 /* SensorIcon.swift */ = {isa = PBXFileReference; fileEncoding = 4; lastKnownFileType = sourcecode.swift; path = SensorIcon.swift; sourceTree = "<group>"; };
		055669EB2990F85200E7A5F1 /* SensorsWindowController.swift */ = {isa = PBXFileReference; fileEncoding = 4; lastKnownFileType = sourcecode.swift; path = SensorsWindowController.swift; sourceTree = "<group>"; };
		055669ED2990F85200E7A5F1 /* VoltageTemplate.pdf */ = {isa = PBXFileReference; lastKnownFileType = image.pdf; path = VoltageTemplate.pdf; sourceTree = "<group>"; };
		055669EE2990F85200E7A5F1 /* CurrentTemplate.pdf */ = {isa = PBXFileReference; lastKnownFileType = image.pdf; path = CurrentTemplate.pdf; sourceTree = "<group>"; };
		055669EF2990F85200E7A5F1 /* ThermalTemplate.pdf */ = {isa = PBXFileReference; lastKnownFileType = image.pdf; path = ThermalTemplate.pdf; sourceTree = "<group>"; };
		055669F02990F85200E7A5F1 /* SensorValue.swift */ = {isa = PBXFileReference; fileEncoding = 4; lastKnownFileType = sourcecode.swift; path = SensorValue.swift; sourceTree = "<group>"; };
		055669F12990F85200E7A5F1 /* SensorHistoryData.swift */ = {isa = PBXFileReference; fileEncoding = 4; lastKnownFileType = sourcecode.swift; path = SensorHistoryData.swift; sourceTree = "<group>"; };
		055669F22990F85200E7A5F1 /* ArrayIsNotEmpty.swift */ = {isa = PBXFileReference; fileEncoding = 4; lastKnownFileType = sourcecode.swift; path = ArrayIsNotEmpty.swift; sourceTree = "<group>"; };
		055669F32990F85200E7A5F1 /* SensorItem.swift */ = {isa = PBXFileReference; fileEncoding = 4; lastKnownFileType = sourcecode.swift; path = SensorItem.swift; sourceTree = "<group>"; };
		055669F52990F85200E7A5F1 /* Base */ = {isa = PBXFileReference; lastKnownFileType = file.xib; name = Base; path = Base.lproj/SensorItem.xib; sourceTree = "<group>"; };
		055669F72990F85200E7A5F1 /* Base */ = {isa = PBXFileReference; lastKnownFileType = file.xib; name = Base; path = Base.lproj/SensorsWindowController.xib; sourceTree = "<group>"; };
		055669F82990F85200E7A5F1 /* ArrayIsEmpty.swift */ = {isa = PBXFileReference; fileEncoding = 4; lastKnownFileType = sourcecode.swift; path = ArrayIsEmpty.swift; sourceTree = "<group>"; };
		055669F92990F85200E7A5F1 /* SensorGraphView.swift */ = {isa = PBXFileReference; fileEncoding = 4; lastKnownFileType = sourcecode.swift; path = SensorGraphView.swift; sourceTree = "<group>"; };
		055669FA2990F85200E7A5F1 /* NSImage.swift */ = {isa = PBXFileReference; fileEncoding = 4; lastKnownFileType = sourcecode.swift; path = NSImage.swift; sourceTree = "<group>"; };
		055669FB2990F85200E7A5F1 /* Sensors.swift */ = {isa = PBXFileReference; fileEncoding = 4; lastKnownFileType = sourcecode.swift; path = Sensors.swift; sourceTree = "<group>"; };
		055669FC2990F85200E7A5F1 /* Synchronizable.swift */ = {isa = PBXFileReference; fileEncoding = 4; lastKnownFileType = sourcecode.swift; path = Synchronizable.swift; sourceTree = "<group>"; };
		055669FD2990F85200E7A5F1 /* Colors.swift */ = {isa = PBXFileReference; fileEncoding = 4; lastKnownFileType = sourcecode.swift; path = Colors.swift; sourceTree = "<group>"; };
		055669FF2990F85200E7A5F1 /* IOHID.h */ = {isa = PBXFileReference; fileEncoding = 4; lastKnownFileType = sourcecode.c.h; path = IOHID.h; sourceTree = "<group>"; };
		05566A002990F85200E7A5F1 /* IOHID-Internal.h */ = {isa = PBXFileReference; fileEncoding = 4; lastKnownFileType = sourcecode.c.h; path = "IOHID-Internal.h"; sourceTree = "<group>"; };
		05566A012990F85200E7A5F1 /* IOHIDData.swift */ = {isa = PBXFileReference; fileEncoding = 4; lastKnownFileType = sourcecode.swift; path = IOHIDData.swift; sourceTree = "<group>"; };
		05566A022990F85200E7A5F1 /* IOHID.m */ = {isa = PBXFileReference; fileEncoding = 4; lastKnownFileType = sourcecode.c.objc; path = IOHID.m; sourceTree = "<group>"; };
		05566A042990F85200E7A5F1 /* SMC.m */ = {isa = PBXFileReference; fileEncoding = 4; lastKnownFileType = sourcecode.c.objc; path = SMC.m; sourceTree = "<group>"; };
		05566A052990F85200E7A5F1 /* SMCData.swift */ = {isa = PBXFileReference; fileEncoding = 4; lastKnownFileType = sourcecode.swift; path = SMCData.swift; sourceTree = "<group>"; };
		05566A062990F85200E7A5F1 /* SMC.h */ = {isa = PBXFileReference; fileEncoding = 4; lastKnownFileType = sourcecode.c.h; path = SMC.h; sourceTree = "<group>"; };
		05566A072990F85200E7A5F1 /* SMC-Internal.h */ = {isa = PBXFileReference; fileEncoding = 4; lastKnownFileType = sourcecode.c.h; path = "SMC-Internal.h"; sourceTree = "<group>"; };
		055A931F252778C10070F771 /* InfoViewController.swift */ = {isa = PBXFileReference; lastKnownFileType = sourcecode.swift; path = InfoViewController.swift; sourceTree = "<group>"; };
		055A9322252778D00070F771 /* Base */ = {isa = PBXFileReference; lastKnownFileType = file.xib; name = Base; path = Base.lproj/InfoViewController.xib; sourceTree = "<group>"; };
		055A932425277E9E0070F771 /* IntegerToString.swift */ = {isa = PBXFileReference; lastKnownFileType = sourcecode.swift; path = IntegerToString.swift; sourceTree = "<group>"; };
		055A932625277F6E0070F771 /* TemperatureToString.swift */ = {isa = PBXFileReference; lastKnownFileType = sourcecode.swift; path = TemperatureToString.swift; sourceTree = "<group>"; };
		055A932825277F990070F771 /* PercentToString.swift */ = {isa = PBXFileReference; lastKnownFileType = sourcecode.swift; path = PercentToString.swift; sourceTree = "<group>"; };
		055A932A252780FD0070F771 /* GraphView.swift */ = {isa = PBXFileReference; lastKnownFileType = sourcecode.swift; path = GraphView.swift; sourceTree = "<group>"; };
		057F8AFF251D22360048F1E1 /* StatusIconTemplate.pdf */ = {isa = PBXFileReference; lastKnownFileType = image.pdf; path = StatusIconTemplate.pdf; sourceTree = "<group>"; };
		057F8B0B251D273E0048F1E1 /* AboutWindowController.swift */ = {isa = PBXFileReference; fileEncoding = 4; lastKnownFileType = sourcecode.swift; path = AboutWindowController.swift; sourceTree = "<group>"; };
		057F8B0E251D274C0048F1E1 /* Hot-Bridging-Header.h */ = {isa = PBXFileReference; lastKnownFileType = sourcecode.c.h; path = "Hot-Bridging-Header.h"; sourceTree = "<group>"; };
		057F8B0F251D274C0048F1E1 /* NSApplication+LaunchServices.h */ = {isa = PBXFileReference; fileEncoding = 4; lastKnownFileType = sourcecode.c.h; path = "NSApplication+LaunchServices.h"; sourceTree = "<group>"; };
		057F8B10251D274C0048F1E1 /* NSApplication+LaunchServices.m */ = {isa = PBXFileReference; fileEncoding = 4; lastKnownFileType = sourcecode.c.objc; path = "NSApplication+LaunchServices.m"; sourceTree = "<group>"; };
		057F8B14251D27650048F1E1 /* Base */ = {isa = PBXFileReference; lastKnownFileType = file.xib; name = Base; path = Base.lproj/AboutWindowController.xib; sourceTree = "<group>"; };
		057F8B1A251D2A970048F1E1 /* Icon.icns */ = {isa = PBXFileReference; lastKnownFileType = image.icns; path = Icon.icns; sourceTree = "<group>"; };
		057F8B1E251D2B900048F1E1 /* LICENSE */ = {isa = PBXFileReference; lastKnownFileType = text; path = LICENSE; sourceTree = "<group>"; };
		057F8B1F251D2B900048F1E1 /* README.md */ = {isa = PBXFileReference; lastKnownFileType = net.daringfireball.markdown; path = README.md; sourceTree = "<group>"; };
		057F8B21251D2C840048F1E1 /* Release - ccache.xcconfig */ = {isa = PBXFileReference; lastKnownFileType = text.xcconfig; path = "Release - ccache.xcconfig"; sourceTree = "<group>"; };
		057F8B22251D2C840048F1E1 /* Common.xcconfig */ = {isa = PBXFileReference; lastKnownFileType = text.xcconfig; path = Common.xcconfig; sourceTree = "<group>"; };
		057F8B23251D2C840048F1E1 /* Debug - ccache.xcconfig */ = {isa = PBXFileReference; lastKnownFileType = text.xcconfig; path = "Debug - ccache.xcconfig"; sourceTree = "<group>"; };
		057F8B24251D2C840048F1E1 /* Debug.xcconfig */ = {isa = PBXFileReference; lastKnownFileType = text.xcconfig; path = Debug.xcconfig; sourceTree = "<group>"; };
		057F8B25251D2C840048F1E1 /* Release.xcconfig */ = {isa = PBXFileReference; lastKnownFileType = text.xcconfig; path = Release.xcconfig; sourceTree = "<group>"; };
		057F8B26251D2C840048F1E1 /* README.md */ = {isa = PBXFileReference; lastKnownFileType = net.daringfireball.markdown; path = README.md; sourceTree = "<group>"; };
		057F8B27251D2C840048F1E1 /* Release - Library.xcconfig */ = {isa = PBXFileReference; lastKnownFileType = text.xcconfig; path = "Release - Library.xcconfig"; sourceTree = "<group>"; };
		057F8B29251D2C840048F1E1 /* Signing.xcconfig */ = {isa = PBXFileReference; lastKnownFileType = text.xcconfig; path = Signing.xcconfig; sourceTree = "<group>"; };
		057F8B2A251D2C840048F1E1 /* Architectures.xcconfig */ = {isa = PBXFileReference; lastKnownFileType = text.xcconfig; path = Architectures.xcconfig; sourceTree = "<group>"; };
		057F8B2C251D2C840048F1E1 /* Issues.xcconfig */ = {isa = PBXFileReference; lastKnownFileType = text.xcconfig; path = Issues.xcconfig; sourceTree = "<group>"; };
		057F8B2E251D2C840048F1E1 /* Apple-APIs.xcconfig */ = {isa = PBXFileReference; lastKnownFileType = text.xcconfig; path = "Apple-APIs.xcconfig"; sourceTree = "<group>"; };
		057F8B2F251D2C840048F1E1 /* Generic-Issues.xcconfig */ = {isa = PBXFileReference; lastKnownFileType = text.xcconfig; path = "Generic-Issues.xcconfig"; sourceTree = "<group>"; };
		057F8B30251D2C840048F1E1 /* Security.xcconfig */ = {isa = PBXFileReference; lastKnownFileType = text.xcconfig; path = Security.xcconfig; sourceTree = "<group>"; };
		057F8B31251D2C840048F1E1 /* Objective-C.xcconfig */ = {isa = PBXFileReference; lastKnownFileType = text.xcconfig; path = "Objective-C.xcconfig"; sourceTree = "<group>"; };
		057F8B32251D2C840048F1E1 /* Analysis-Policy.xcconfig */ = {isa = PBXFileReference; lastKnownFileType = text.xcconfig; path = "Analysis-Policy.xcconfig"; sourceTree = "<group>"; };
		057F8B33251D2C840048F1E1 /* Deployment.xcconfig */ = {isa = PBXFileReference; lastKnownFileType = text.xcconfig; path = Deployment.xcconfig; sourceTree = "<group>"; };
		057F8B34251D2C840048F1E1 /* Build-Options.xcconfig */ = {isa = PBXFileReference; lastKnownFileType = text.xcconfig; path = "Build-Options.xcconfig"; sourceTree = "<group>"; };
		057F8B35251D2C840048F1E1 /* Swift-Compiler.xcconfig */ = {isa = PBXFileReference; lastKnownFileType = text.xcconfig; path = "Swift-Compiler.xcconfig"; sourceTree = "<group>"; };
		057F8B36251D2C840048F1E1 /* Static-Analyzer.xcconfig */ = {isa = PBXFileReference; lastKnownFileType = text.xcconfig; path = "Static-Analyzer.xcconfig"; sourceTree = "<group>"; };
		057F8B38251D2C840048F1E1 /* Warnings-Policies.xcconfig */ = {isa = PBXFileReference; lastKnownFileType = text.xcconfig; path = "Warnings-Policies.xcconfig"; sourceTree = "<group>"; };
		057F8B39251D2C840048F1E1 /* Code-Generation.xcconfig */ = {isa = PBXFileReference; lastKnownFileType = text.xcconfig; path = "Code-Generation.xcconfig"; sourceTree = "<group>"; };
		057F8B3A251D2C840048F1E1 /* Language.xcconfig */ = {isa = PBXFileReference; lastKnownFileType = text.xcconfig; path = Language.xcconfig; sourceTree = "<group>"; };
		057F8B3B251D2C840048F1E1 /* General.xcconfig */ = {isa = PBXFileReference; lastKnownFileType = text.xcconfig; path = General.xcconfig; sourceTree = "<group>"; };
		057F8B3C251D2C840048F1E1 /* Search-Paths.xcconfig */ = {isa = PBXFileReference; lastKnownFileType = text.xcconfig; path = "Search-Paths.xcconfig"; sourceTree = "<group>"; };
		057F8B3D251D2C840048F1E1 /* Apple-LLVM.xcconfig */ = {isa = PBXFileReference; lastKnownFileType = text.xcconfig; path = "Apple-LLVM.xcconfig"; sourceTree = "<group>"; };
		057F8B40251D2C840048F1E1 /* Modules.xcconfig */ = {isa = PBXFileReference; lastKnownFileType = text.xcconfig; path = Modules.xcconfig; sourceTree = "<group>"; };
		057F8B41251D2C840048F1E1 /* Objective-C.xcconfig */ = {isa = PBXFileReference; lastKnownFileType = text.xcconfig; path = "Objective-C.xcconfig"; sourceTree = "<group>"; };
		057F8B42251D2C840048F1E1 /* C++.xcconfig */ = {isa = PBXFileReference; lastKnownFileType = text.xcconfig; path = "C++.xcconfig"; sourceTree = "<group>"; };
		057F8B43251D2C840048F1E1 /* Code-Generation.xcconfig */ = {isa = PBXFileReference; lastKnownFileType = text.xcconfig; path = "Code-Generation.xcconfig"; sourceTree = "<group>"; };
		057F8B44251D2C840048F1E1 /* Address-Sanitizer.xcconfig */ = {isa = PBXFileReference; lastKnownFileType = text.xcconfig; path = "Address-Sanitizer.xcconfig"; sourceTree = "<group>"; };
		057F8B45251D2C840048F1E1 /* Language.xcconfig */ = {isa = PBXFileReference; lastKnownFileType = text.xcconfig; path = Language.xcconfig; sourceTree = "<group>"; };
		057F8B46251D2C840048F1E1 /* Warnings.xcconfig */ = {isa = PBXFileReference; lastKnownFileType = text.xcconfig; path = Warnings.xcconfig; sourceTree = "<group>"; };
		057F8B47251D2C840048F1E1 /* Undefined-Behavior-Sanitizer.xcconfig */ = {isa = PBXFileReference; lastKnownFileType = text.xcconfig; path = "Undefined-Behavior-Sanitizer.xcconfig"; sourceTree = "<group>"; };
		057F8B48251D2C840048F1E1 /* Warning-Policies.xcconfig */ = {isa = PBXFileReference; lastKnownFileType = text.xcconfig; path = "Warning-Policies.xcconfig"; sourceTree = "<group>"; };
		057F8B4A251D2C840048F1E1 /* Objective-C-ARC.xcconfig */ = {isa = PBXFileReference; lastKnownFileType = text.xcconfig; path = "Objective-C-ARC.xcconfig"; sourceTree = "<group>"; };
		057F8B4B251D2C840048F1E1 /* Objective-C.xcconfig */ = {isa = PBXFileReference; lastKnownFileType = text.xcconfig; path = "Objective-C.xcconfig"; sourceTree = "<group>"; };
		057F8B4C251D2C840048F1E1 /* C++.xcconfig */ = {isa = PBXFileReference; lastKnownFileType = text.xcconfig; path = "C++.xcconfig"; sourceTree = "<group>"; };
		057F8B4D251D2C840048F1E1 /* All-Languages.xcconfig */ = {isa = PBXFileReference; lastKnownFileType = text.xcconfig; path = "All-Languages.xcconfig"; sourceTree = "<group>"; };
		057F8B4E251D2C840048F1E1 /* Preprocessing.xcconfig */ = {isa = PBXFileReference; lastKnownFileType = text.xcconfig; path = Preprocessing.xcconfig; sourceTree = "<group>"; };
		057F8B4F251D2C840048F1E1 /* Debug - Library.xcconfig */ = {isa = PBXFileReference; lastKnownFileType = text.xcconfig; path = "Debug - Library.xcconfig"; sourceTree = "<group>"; };
		057F8B50251D2C840048F1E1 /* .gitignore */ = {isa = PBXFileReference; lastKnownFileType = text; path = .gitignore; sourceTree = "<group>"; };
		057F8B52251D2C840048F1E1 /* ccache-config.sh */ = {isa = PBXFileReference; lastKnownFileType = text.script.sh; path = "ccache-config.sh"; sourceTree = "<group>"; };
		057F8B53251D2C840048F1E1 /* ccache.sh */ = {isa = PBXFileReference; lastKnownFileType = text.script.sh; path = ccache.sh; sourceTree = "<group>"; };
		057F8B54251D2C840048F1E1 /* Debug - zld.xcconfig */ = {isa = PBXFileReference; lastKnownFileType = text.xcconfig; path = "Debug - zld.xcconfig"; sourceTree = "<group>"; };
		057F8B56251D2D510048F1E1 /* GitHubUpdates.xcodeproj */ = {isa = PBXFileReference; lastKnownFileType = "wrapper.pb-project"; name = GitHubUpdates.xcodeproj; path = Submodules/GitHubUpdates/GitHubUpdates.xcodeproj; sourceTree = "<group>"; };
		05AA4076251CF3D200106CEA /* Hot.app */ = {isa = PBXFileReference; explicitFileType = wrapper.application; includeInIndex = 0; path = Hot.app; sourceTree = BUILT_PRODUCTS_DIR; };
		05AA4079251CF3D200106CEA /* ApplicationDelegate.swift */ = {isa = PBXFileReference; lastKnownFileType = sourcecode.swift; path = ApplicationDelegate.swift; sourceTree = "<group>"; };
		05AA407E251CF3D600106CEA /* Base */ = {isa = PBXFileReference; lastKnownFileType = file.xib; name = Base; path = Base.lproj/MainMenu.xib; sourceTree = "<group>"; };
		05AA4080251CF3D600106CEA /* Info.plist */ = {isa = PBXFileReference; lastKnownFileType = text.plist.xml; path = Info.plist; sourceTree = "<group>"; };
		05AA4081251CF3D600106CEA /* Hot.entitlements */ = {isa = PBXFileReference; lastKnownFileType = text.plist.entitlements; path = Hot.entitlements; sourceTree = "<group>"; };
		05AA408C251CFA0600106CEA /* ThermalLog.swift */ = {isa = PBXFileReference; lastKnownFileType = sourcecode.swift; path = ThermalLog.swift; sourceTree = "<group>"; };
		05AD458729084FEF00A791C8 /* SelectSensorsWindowController.swift */ = {isa = PBXFileReference; lastKnownFileType = sourcecode.swift; path = SelectSensorsWindowController.swift; sourceTree = "<group>"; };
		05AD458D2908505900A791C8 /* Base */ = {isa = PBXFileReference; lastKnownFileType = file.xib; name = Base; path = Base.lproj/SelectSensorsWindowController.xib; sourceTree = "<group>"; };
		05AD458F29092B8400A791C8 /* BatteryTemplate.pdf */ = {isa = PBXFileReference; lastKnownFileType = image.pdf; path = BatteryTemplate.pdf; sourceTree = "<group>"; };
		05AD459129092CEB00A791C8 /* TCalTemplate.pdf */ = {isa = PBXFileReference; lastKnownFileType = image.pdf; path = TCalTemplate.pdf; sourceTree = "<group>"; };
		05B0DFA026714A830068FF9B /* pAccTemplate.pdf */ = {isa = PBXFileReference; lastKnownFileType = image.pdf; path = pAccTemplate.pdf; sourceTree = "<group>"; };
		05B0DFA226714A830068FF9B /* UnknownTemplate.pdf */ = {isa = PBXFileReference; lastKnownFileType = image.pdf; path = UnknownTemplate.pdf; sourceTree = "<group>"; };
		05B0DFA326714A830068FF9B /* eAccTemplate.pdf */ = {isa = PBXFileReference; lastKnownFileType = image.pdf; path = eAccTemplate.pdf; sourceTree = "<group>"; };
		05B0DFA8267150F40068FF9B /* TCXCTemplate.pdf */ = {isa = PBXFileReference; lastKnownFileType = image.pdf; path = TCXCTemplate.pdf; sourceTree = "<group>"; };
		05BA0BA926F342DA00AA7BFC /* PressureToString.swift */ = {isa = PBXFileReference; lastKnownFileType = sourcecode.swift; path = PressureToString.swift; sourceTree = "<group>"; };
		05BA0BAC26F347A500AA7BFC /* PressureTemplate.pdf */ = {isa = PBXFileReference; lastKnownFileType = image.pdf; path = PressureTemplate.pdf; sourceTree = "<group>"; };
/* End PBXFileReference section */

/* Begin PBXFrameworksBuildPhase section */
		05AA4073251CF3D200106CEA /* Frameworks */ = {
			isa = PBXFrameworksBuildPhase;
			buildActionMask = 2147483647;
			files = (
				052FBC34251ECA8600C4322E /* IOKit.framework in Frameworks */,
				057F8B65251D2D5F0048F1E1 /* GitHubUpdates.framework in Frameworks */,
			);
			runOnlyForDeploymentPostprocessing = 0;
		};
/* End PBXFrameworksBuildPhase section */

/* Begin PBXGroup section */
		055669E92990F85200E7A5F1 /* SensorsWindow */ = {
			isa = PBXGroup;
			children = (
				055669EA2990F85200E7A5F1 /* SensorIcon.swift */,
				055669EB2990F85200E7A5F1 /* SensorsWindowController.swift */,
				055669EC2990F85200E7A5F1 /* Images */,
				055669F02990F85200E7A5F1 /* SensorValue.swift */,
				055669F12990F85200E7A5F1 /* SensorHistoryData.swift */,
				055669F22990F85200E7A5F1 /* ArrayIsNotEmpty.swift */,
				055669F32990F85200E7A5F1 /* SensorItem.swift */,
				055669F42990F85200E7A5F1 /* SensorItem.xib */,
				055669F62990F85200E7A5F1 /* SensorsWindowController.xib */,
				055669F82990F85200E7A5F1 /* ArrayIsEmpty.swift */,
				055669F92990F85200E7A5F1 /* SensorGraphView.swift */,
				055669FA2990F85200E7A5F1 /* NSImage.swift */,
				055669FB2990F85200E7A5F1 /* Sensors.swift */,
				055669FC2990F85200E7A5F1 /* Synchronizable.swift */,
				055669FD2990F85200E7A5F1 /* Colors.swift */,
			);
			path = SensorsWindow;
			sourceTree = "<group>";
		};
		055669EC2990F85200E7A5F1 /* Images */ = {
			isa = PBXGroup;
			children = (
				055669ED2990F85200E7A5F1 /* VoltageTemplate.pdf */,
				055669EE2990F85200E7A5F1 /* CurrentTemplate.pdf */,
				055669EF2990F85200E7A5F1 /* ThermalTemplate.pdf */,
			);
			path = Images;
			sourceTree = "<group>";
		};
		055669FE2990F85200E7A5F1 /* IOHID */ = {
			isa = PBXGroup;
			children = (
				055669FF2990F85200E7A5F1 /* IOHID.h */,
				05566A002990F85200E7A5F1 /* IOHID-Internal.h */,
				05566A012990F85200E7A5F1 /* IOHIDData.swift */,
				05566A022990F85200E7A5F1 /* IOHID.m */,
			);
			path = IOHID;
			sourceTree = "<group>";
		};
		05566A032990F85200E7A5F1 /* SMC */ = {
			isa = PBXGroup;
			children = (
				05566A042990F85200E7A5F1 /* SMC.m */,
				05566A052990F85200E7A5F1 /* SMCData.swift */,
				05566A062990F85200E7A5F1 /* SMC.h */,
				05566A072990F85200E7A5F1 /* SMC-Internal.h */,
			);
			path = SMC;
			sourceTree = "<group>";
		};
		057F8AFE251D22360048F1E1 /* Images */ = {
			isa = PBXGroup;
			children = (
				05AD458F29092B8400A791C8 /* BatteryTemplate.pdf */,
				05AD459129092CEB00A791C8 /* TCalTemplate.pdf */,
				05B0DFA8267150F40068FF9B /* TCXCTemplate.pdf */,
				05B0DFA326714A830068FF9B /* eAccTemplate.pdf */,
				05B0DFA026714A830068FF9B /* pAccTemplate.pdf */,
				05B0DFA226714A830068FF9B /* UnknownTemplate.pdf */,
				052FBCD1251F842C00C4322E /* CPUTemplate.pdf */,
				057F8B1A251D2A970048F1E1 /* Icon.icns */,
				052FBCD3251F842C00C4322E /* SchedulerTemplate.pdf */,
				052FBCCF251F842C00C4322E /* SpeedTemplate.pdf */,
				057F8AFF251D22360048F1E1 /* StatusIconTemplate.pdf */,
				05BA0BAC26F347A500AA7BFC /* PressureTemplate.pdf */,
				052FBCD2251F842C00C4322E /* TemperatureTemplate.pdf */,
			);
			path = Images;
			sourceTree = "<group>";
		};
		057F8B20251D2C840048F1E1 /* xcconfig */ = {
			isa = PBXGroup;
			children = (
				057F8B21251D2C840048F1E1 /* Release - ccache.xcconfig */,
				057F8B22251D2C840048F1E1 /* Common.xcconfig */,
				057F8B23251D2C840048F1E1 /* Debug - ccache.xcconfig */,
				057F8B24251D2C840048F1E1 /* Debug.xcconfig */,
				057F8B25251D2C840048F1E1 /* Release.xcconfig */,
				057F8B26251D2C840048F1E1 /* README.md */,
				057F8B27251D2C840048F1E1 /* Release - Library.xcconfig */,
				057F8B28251D2C840048F1E1 /* Common */,
				057F8B4F251D2C840048F1E1 /* Debug - Library.xcconfig */,
				057F8B50251D2C840048F1E1 /* .gitignore */,
				057F8B51251D2C840048F1E1 /* Scripts */,
				057F8B54251D2C840048F1E1 /* Debug - zld.xcconfig */,
			);
			name = xcconfig;
			path = Submodules/xcconfig;
			sourceTree = "<group>";
		};
		057F8B28251D2C840048F1E1 /* Common */ = {
			isa = PBXGroup;
			children = (
				057F8B29251D2C840048F1E1 /* Signing.xcconfig */,
				057F8B2A251D2C840048F1E1 /* Architectures.xcconfig */,
				057F8B2B251D2C840048F1E1 /* Static-Analyzer */,
				057F8B33251D2C840048F1E1 /* Deployment.xcconfig */,
				057F8B34251D2C840048F1E1 /* Build-Options.xcconfig */,
				057F8B35251D2C840048F1E1 /* Swift-Compiler.xcconfig */,
				057F8B36251D2C840048F1E1 /* Static-Analyzer.xcconfig */,
				057F8B37251D2C840048F1E1 /* Swift-Compiler */,
				057F8B3C251D2C840048F1E1 /* Search-Paths.xcconfig */,
				057F8B3D251D2C840048F1E1 /* Apple-LLVM.xcconfig */,
				057F8B3E251D2C840048F1E1 /* Apple-LLVM */,
			);
			path = Common;
			sourceTree = "<group>";
		};
		057F8B2B251D2C840048F1E1 /* Static-Analyzer */ = {
			isa = PBXGroup;
			children = (
				057F8B2C251D2C840048F1E1 /* Issues.xcconfig */,
				057F8B2D251D2C840048F1E1 /* Issues */,
			);
			path = "Static-Analyzer";
			sourceTree = "<group>";
		};
		057F8B2D251D2C840048F1E1 /* Issues */ = {
			isa = PBXGroup;
			children = (
				057F8B2E251D2C840048F1E1 /* Apple-APIs.xcconfig */,
				057F8B2F251D2C840048F1E1 /* Generic-Issues.xcconfig */,
				057F8B30251D2C840048F1E1 /* Security.xcconfig */,
				057F8B31251D2C840048F1E1 /* Objective-C.xcconfig */,
				057F8B32251D2C840048F1E1 /* Analysis-Policy.xcconfig */,
			);
			path = Issues;
			sourceTree = "<group>";
		};
		057F8B37251D2C840048F1E1 /* Swift-Compiler */ = {
			isa = PBXGroup;
			children = (
				057F8B38251D2C840048F1E1 /* Warnings-Policies.xcconfig */,
				057F8B39251D2C840048F1E1 /* Code-Generation.xcconfig */,
				057F8B3A251D2C840048F1E1 /* Language.xcconfig */,
				057F8B3B251D2C840048F1E1 /* General.xcconfig */,
			);
			path = "Swift-Compiler";
			sourceTree = "<group>";
		};
		057F8B3E251D2C840048F1E1 /* Apple-LLVM */ = {
			isa = PBXGroup;
			children = (
				057F8B3F251D2C840048F1E1 /* Language */,
				057F8B43251D2C840048F1E1 /* Code-Generation.xcconfig */,
				057F8B44251D2C840048F1E1 /* Address-Sanitizer.xcconfig */,
				057F8B45251D2C840048F1E1 /* Language.xcconfig */,
				057F8B46251D2C840048F1E1 /* Warnings.xcconfig */,
				057F8B47251D2C840048F1E1 /* Undefined-Behavior-Sanitizer.xcconfig */,
				057F8B48251D2C840048F1E1 /* Warning-Policies.xcconfig */,
				057F8B49251D2C840048F1E1 /* Warnings */,
				057F8B4E251D2C840048F1E1 /* Preprocessing.xcconfig */,
			);
			path = "Apple-LLVM";
			sourceTree = "<group>";
		};
		057F8B3F251D2C840048F1E1 /* Language */ = {
			isa = PBXGroup;
			children = (
				057F8B40251D2C840048F1E1 /* Modules.xcconfig */,
				057F8B41251D2C840048F1E1 /* Objective-C.xcconfig */,
				057F8B42251D2C840048F1E1 /* C++.xcconfig */,
			);
			path = Language;
			sourceTree = "<group>";
		};
		057F8B49251D2C840048F1E1 /* Warnings */ = {
			isa = PBXGroup;
			children = (
				057F8B4A251D2C840048F1E1 /* Objective-C-ARC.xcconfig */,
				057F8B4B251D2C840048F1E1 /* Objective-C.xcconfig */,
				057F8B4C251D2C840048F1E1 /* C++.xcconfig */,
				057F8B4D251D2C840048F1E1 /* All-Languages.xcconfig */,
			);
			path = Warnings;
			sourceTree = "<group>";
		};
		057F8B51251D2C840048F1E1 /* Scripts */ = {
			isa = PBXGroup;
			children = (
				057F8B52251D2C840048F1E1 /* ccache-config.sh */,
				057F8B53251D2C840048F1E1 /* ccache.sh */,
			);
			path = Scripts;
			sourceTree = "<group>";
		};
		057F8B57251D2D510048F1E1 /* Products */ = {
			isa = PBXGroup;
			children = (
				057F8B5C251D2D510048F1E1 /* GitHubUpdates.framework */,
				057F8B5E251D2D510048F1E1 /* Relauncher */,
			);
			name = Products;
			sourceTree = "<group>";
		};
		057F8B64251D2D5F0048F1E1 /* Frameworks */ = {
			isa = PBXGroup;
			children = (
				052FBC33251ECA8600C4322E /* IOKit.framework */,
			);
			name = Frameworks;
			sourceTree = "<group>";
		};
		05AA406D251CF3D200106CEA = {
			isa = PBXGroup;
			children = (
				057F8B1E251D2B900048F1E1 /* LICENSE */,
				057F8B1F251D2B900048F1E1 /* README.md */,
				057F8B56251D2D510048F1E1 /* GitHubUpdates.xcodeproj */,
				057F8B20251D2C840048F1E1 /* xcconfig */,
				05AA4078251CF3D200106CEA /* Hot */,
				05AA4077251CF3D200106CEA /* Products */,
				057F8B64251D2D5F0048F1E1 /* Frameworks */,
			);
			sourceTree = "<group>";
		};
		05AA4077251CF3D200106CEA /* Products */ = {
			isa = PBXGroup;
			children = (
				05AA4076251CF3D200106CEA /* Hot.app */,
			);
			name = Products;
			sourceTree = "<group>";
		};
		05AA4078251CF3D200106CEA /* Hot */ = {
			isa = PBXGroup;
			children = (
				05AA4088251CF3F400106CEA /* Classes */,
				05AA4081251CF3D600106CEA /* Hot.entitlements */,
				05AA4080251CF3D600106CEA /* Info.plist */,
				05AA4089251CF3FC00106CEA /* UI */,
			);
			path = Hot;
			sourceTree = "<group>";
		};
		05AA4088251CF3F400106CEA /* Classes */ = {
			isa = PBXGroup;
			children = (
				055669FE2990F85200E7A5F1 /* IOHID */,
				055669E92990F85200E7A5F1 /* SensorsWindow */,
				05566A032990F85200E7A5F1 /* SMC */,
				057F8B0B251D273E0048F1E1 /* AboutWindowController.swift */,
				05AA4079251CF3D200106CEA /* ApplicationDelegate.swift */,
				05221E87267009A8007246FF /* SensorViewController.swift */,
				055A932A252780FD0070F771 /* GraphView.swift */,
				057F8B0E251D274C0048F1E1 /* Hot-Bridging-Header.h */,
				055A931F252778C10070F771 /* InfoViewController.swift */,
				055A932425277E9E0070F771 /* IntegerToString.swift */,
				05221E8526700772007246FF /* DictionaryIsEmpty.swift */,
				057F8B0F251D274C0048F1E1 /* NSApplication+LaunchServices.h */,
				057F8B10251D274C0048F1E1 /* NSApplication+LaunchServices.m */,
				055A932825277F990070F771 /* PercentToString.swift */,
				052FBCA2251EE43B00C4322E /* PreferencesWindowController.swift */,
				055A932625277F6E0070F771 /* TemperatureToString.swift */,
				05BA0BA926F342DA00AA7BFC /* PressureToString.swift */,
				05AA408C251CFA0600106CEA /* ThermalLog.swift */,
				05AD458729084FEF00A791C8 /* SelectSensorsWindowController.swift */,
			);
			path = Classes;
			sourceTree = "<group>";
		};
		05AA4089251CF3FC00106CEA /* UI */ = {
			isa = PBXGroup;
			children = (
				057F8B13251D27650048F1E1 /* AboutWindowController.xib */,
				057F8AFE251D22360048F1E1 /* Images */,
				055A9321252778D00070F771 /* InfoViewController.xib */,
				05AA407D251CF3D600106CEA /* MainMenu.xib */,
				052FBCA5251EE46700C4322E /* PreferencesWindowController.xib */,
				05221E8926700A57007246FF /* SensorViewController.xib */,
				05AD458E2908505900A791C8 /* SelectSensorsWindowController.xib */,
			);
			path = UI;
			sourceTree = "<group>";
		};
/* End PBXGroup section */

/* Begin PBXNativeTarget section */
		05AA4075251CF3D200106CEA /* Hot */ = {
			isa = PBXNativeTarget;
			buildConfigurationList = 05AA4084251CF3D600106CEA /* Build configuration list for PBXNativeTarget "Hot" */;
			buildPhases = (
				05AA4072251CF3D200106CEA /* Sources */,
				05AA4073251CF3D200106CEA /* Frameworks */,
				057F8B69251D2E560048F1E1 /* ShellScript */,
				05AA4074251CF3D200106CEA /* Resources */,
				057F8B66251D2D620048F1E1 /* CopyFiles */,
			);
			buildRules = (
			);
			dependencies = (
				057F8B63251D2D5B0048F1E1 /* PBXTargetDependency */,
			);
			name = Hot;
			productName = Hot;
			productReference = 05AA4076251CF3D200106CEA /* Hot.app */;
			productType = "com.apple.product-type.application";
		};
/* End PBXNativeTarget section */

/* Begin PBXProject section */
		05AA406E251CF3D200106CEA /* Project object */ = {
			isa = PBXProject;
			attributes = {
				LastSwiftUpdateCheck = 1200;
				LastUpgradeCheck = 1420;
				TargetAttributes = {
					05AA4075251CF3D200106CEA = {
						CreatedOnToolsVersion = 12.0;
						LastSwiftMigration = 1200;
					};
				};
			};
			buildConfigurationList = 05AA4071251CF3D200106CEA /* Build configuration list for PBXProject "Hot" */;
			compatibilityVersion = "Xcode 9.3";
			developmentRegion = en;
			hasScannedForEncodings = 0;
			knownRegions = (
				en,
				Base,
			);
			mainGroup = 05AA406D251CF3D200106CEA;
			productRefGroup = 05AA4077251CF3D200106CEA /* Products */;
			projectDirPath = "";
			projectReferences = (
				{
					ProductGroup = 057F8B57251D2D510048F1E1 /* Products */;
					ProjectRef = 057F8B56251D2D510048F1E1 /* GitHubUpdates.xcodeproj */;
				},
			);
			projectRoot = "";
			targets = (
				05AA4075251CF3D200106CEA /* Hot */,
			);
		};
/* End PBXProject section */

/* Begin PBXReferenceProxy section */
		057F8B5C251D2D510048F1E1 /* GitHubUpdates.framework */ = {
			isa = PBXReferenceProxy;
			fileType = wrapper.framework;
			path = GitHubUpdates.framework;
			remoteRef = 057F8B5B251D2D510048F1E1 /* PBXContainerItemProxy */;
			sourceTree = BUILT_PRODUCTS_DIR;
		};
		057F8B5E251D2D510048F1E1 /* Relauncher */ = {
			isa = PBXReferenceProxy;
			fileType = "compiled.mach-o.executable";
			path = Relauncher;
			remoteRef = 057F8B5D251D2D510048F1E1 /* PBXContainerItemProxy */;
			sourceTree = BUILT_PRODUCTS_DIR;
		};
/* End PBXReferenceProxy section */

/* Begin PBXResourcesBuildPhase section */
		05AA4074251CF3D200106CEA /* Resources */ = {
			isa = PBXResourcesBuildPhase;
			buildActionMask = 2147483647;
			files = (
				052FBCD4251F842C00C4322E /* SpeedTemplate.pdf in Resources */,
				05BA0BAD26F347A500AA7BFC /* PressureTemplate.pdf in Resources */,
				052FBCD6251F842C00C4322E /* TemperatureTemplate.pdf in Resources */,
				057F8B00251D22360048F1E1 /* StatusIconTemplate.pdf in Resources */,
				057F8B1B251D2A970048F1E1 /* Icon.icns in Resources */,
				052FBCD5251F842C00C4322E /* CPUTemplate.pdf in Resources */,
				05566A0C2990F85200E7A5F1 /* ThermalTemplate.pdf in Resources */,
				05221E8B26700A57007246FF /* SensorViewController.xib in Resources */,
				05AD459229092CEB00A791C8 /* TCalTemplate.pdf in Resources */,
				05AD458C2908505900A791C8 /* SelectSensorsWindowController.xib in Resources */,
				055A9323252778D00070F771 /* InfoViewController.xib in Resources */,
				05B0DFA526714A830068FF9B /* UnknownTemplate.pdf in Resources */,
				05566A112990F85200E7A5F1 /* SensorItem.xib in Resources */,
				05566A0B2990F85200E7A5F1 /* CurrentTemplate.pdf in Resources */,
				05AD459029092B8400A791C8 /* BatteryTemplate.pdf in Resources */,
				057F8B15251D27650048F1E1 /* AboutWindowController.xib in Resources */,
				052FBCA7251EE46700C4322E /* PreferencesWindowController.xib in Resources */,
				05AA407F251CF3D600106CEA /* MainMenu.xib in Resources */,
				052FBCD7251F842C00C4322E /* SchedulerTemplate.pdf in Resources */,
				05B0DFA626714A830068FF9B /* eAccTemplate.pdf in Resources */,
				05566A0A2990F85200E7A5F1 /* VoltageTemplate.pdf in Resources */,
				05566A122990F85200E7A5F1 /* SensorsWindowController.xib in Resources */,
				05B0DFAA267150F40068FF9B /* TCXCTemplate.pdf in Resources */,
				05B0DFA426714A830068FF9B /* pAccTemplate.pdf in Resources */,
			);
			runOnlyForDeploymentPostprocessing = 0;
		};
/* End PBXResourcesBuildPhase section */

/* Begin PBXShellScriptBuildPhase section */
		057F8B69251D2E560048F1E1 /* ShellScript */ = {
			isa = PBXShellScriptBuildPhase;
			alwaysOutOfDate = 1;
			buildActionMask = 2147483647;
			files = (
			);
			inputFileListPaths = (
			);
			inputPaths = (
			);
			outputFileListPaths = (
			);
			outputPaths = (
			);
			runOnlyForDeploymentPostprocessing = 0;
			shellPath = /bin/sh;
			shellScript = "#!/bin/bash\nif [ \"${CONFIGURATION}\" = \"Release\" ]; then\n    plist=\"Hot/Info.plist\"\n    rev=$(git rev-list `git branch | grep -e \"^*\" | cut -d' ' -f 2` | wc -l)\n    /usr/libexec/PlistBuddy -c \"Set :CFBundleVersion $rev\" \"$plist\"\nfi\n";
		};
/* End PBXShellScriptBuildPhase section */

/* Begin PBXSourcesBuildPhase section */
		05AA4072251CF3D200106CEA /* Sources */ = {
			isa = PBXSourcesBuildPhase;
			buildActionMask = 2147483647;
			files = (
				05566A0E2990F85200E7A5F1 /* SensorHistoryData.swift in Sources */,
				055A932525277E9E0070F771 /* IntegerToString.swift in Sources */,
				05566A172990F85200E7A5F1 /* Synchronizable.swift in Sources */,
				055A932725277F6E0070F771 /* TemperatureToString.swift in Sources */,
				05566A0D2990F85200E7A5F1 /* SensorValue.swift in Sources */,
				05566A1C2990F85200E7A5F1 /* SMCData.swift in Sources */,
				05566A192990F85200E7A5F1 /* IOHIDData.swift in Sources */,
				05566A152990F85200E7A5F1 /* NSImage.swift in Sources */,
				05221E8626700772007246FF /* DictionaryIsEmpty.swift in Sources */,
				052FBCA3251EE43B00C4322E /* PreferencesWindowController.swift in Sources */,
				055A932B252780FD0070F771 /* GraphView.swift in Sources */,
				05221E88267009A8007246FF /* SensorViewController.swift in Sources */,
				057F8B11251D274C0048F1E1 /* NSApplication+LaunchServices.m in Sources */,
				057F8B0C251D273E0048F1E1 /* AboutWindowController.swift in Sources */,
				055A9320252778C10070F771 /* InfoViewController.swift in Sources */,
				05566A162990F85200E7A5F1 /* Sensors.swift in Sources */,
				05566A102990F85200E7A5F1 /* SensorItem.swift in Sources */,
				05566A082990F85200E7A5F1 /* SensorIcon.swift in Sources */,
				05566A182990F85200E7A5F1 /* Colors.swift in Sources */,
				05566A092990F85200E7A5F1 /* SensorsWindowController.swift in Sources */,
				05AD458829084FEF00A791C8 /* SelectSensorsWindowController.swift in Sources */,
				05566A1A2990F85200E7A5F1 /* IOHID.m in Sources */,
				05566A0F2990F85200E7A5F1 /* ArrayIsNotEmpty.swift in Sources */,
				05AA408D251CFA0600106CEA /* ThermalLog.swift in Sources */,
				055A932925277F990070F771 /* PercentToString.swift in Sources */,
				05566A132990F85200E7A5F1 /* ArrayIsEmpty.swift in Sources */,
				05AA407A251CF3D200106CEA /* ApplicationDelegate.swift in Sources */,
				05BA0BAA26F342DA00AA7BFC /* PressureToString.swift in Sources */,
				05566A1B2990F85200E7A5F1 /* SMC.m in Sources */,
				05566A142990F85200E7A5F1 /* SensorGraphView.swift in Sources */,
			);
			runOnlyForDeploymentPostprocessing = 0;
		};
/* End PBXSourcesBuildPhase section */

/* Begin PBXTargetDependency section */
		057F8B63251D2D5B0048F1E1 /* PBXTargetDependency */ = {
			isa = PBXTargetDependency;
			name = GitHubUpdates;
			targetProxy = 057F8B62251D2D5B0048F1E1 /* PBXContainerItemProxy */;
		};
/* End PBXTargetDependency section */

/* Begin PBXVariantGroup section */
		05221E8926700A57007246FF /* SensorViewController.xib */ = {
			isa = PBXVariantGroup;
			children = (
				05221E8A26700A57007246FF /* Base */,
			);
			name = SensorViewController.xib;
			sourceTree = "<group>";
		};
		052FBCA5251EE46700C4322E /* PreferencesWindowController.xib */ = {
			isa = PBXVariantGroup;
			children = (
				052FBCA6251EE46700C4322E /* Base */,
			);
			name = PreferencesWindowController.xib;
			sourceTree = "<group>";
		};
		055669F42990F85200E7A5F1 /* SensorItem.xib */ = {
			isa = PBXVariantGroup;
			children = (
				055669F52990F85200E7A5F1 /* Base */,
			);
			name = SensorItem.xib;
			sourceTree = "<group>";
		};
		055669F62990F85200E7A5F1 /* SensorsWindowController.xib */ = {
			isa = PBXVariantGroup;
			children = (
				055669F72990F85200E7A5F1 /* Base */,
			);
			name = SensorsWindowController.xib;
			sourceTree = "<group>";
		};
		055A9321252778D00070F771 /* InfoViewController.xib */ = {
			isa = PBXVariantGroup;
			children = (
				055A9322252778D00070F771 /* Base */,
			);
			name = InfoViewController.xib;
			sourceTree = "<group>";
		};
		057F8B13251D27650048F1E1 /* AboutWindowController.xib */ = {
			isa = PBXVariantGroup;
			children = (
				057F8B14251D27650048F1E1 /* Base */,
			);
			name = AboutWindowController.xib;
			sourceTree = "<group>";
		};
		05AA407D251CF3D600106CEA /* MainMenu.xib */ = {
			isa = PBXVariantGroup;
			children = (
				05AA407E251CF3D600106CEA /* Base */,
			);
			name = MainMenu.xib;
			sourceTree = "<group>";
		};
		05AD458E2908505900A791C8 /* SelectSensorsWindowController.xib */ = {
			isa = PBXVariantGroup;
			children = (
				05AD458D2908505900A791C8 /* Base */,
			);
			name = SelectSensorsWindowController.xib;
			sourceTree = "<group>";
		};
/* End PBXVariantGroup section */

/* Begin XCBuildConfiguration section */
		05AA4082251CF3D600106CEA /* Debug */ = {
			isa = XCBuildConfiguration;
			baseConfigurationReference = 057F8B24251D2C840048F1E1 /* Debug.xcconfig */;
			buildSettings = {
			};
			name = Debug;
		};
		05AA4083251CF3D600106CEA /* Release */ = {
			isa = XCBuildConfiguration;
			baseConfigurationReference = 057F8B25251D2C840048F1E1 /* Release.xcconfig */;
			buildSettings = {
			};
			name = Release;
		};
		05AA4085251CF3D600106CEA /* Debug */ = {
			isa = XCBuildConfiguration;
			buildSettings = {
				ALWAYS_EMBED_SWIFT_STANDARD_LIBRARIES = YES;
				CODE_SIGN_STYLE = Manual;
				DEVELOPMENT_TEAM = "";
				ENABLE_HARDENED_RUNTIME = NO;
				INFOPLIST_FILE = Hot/Info.plist;
				LD_RUNPATH_SEARCH_PATHS = (
					"$(inherited)",
					"@executable_path/../Frameworks",
				);
				MACOSX_DEPLOYMENT_TARGET = 10.13;
				PRODUCT_BUNDLE_IDENTIFIER = "com.xs-labs.Hot";
				PRODUCT_NAME = "$(TARGET_NAME)";
				SWIFT_OBJC_BRIDGING_HEADER = "Hot/Classes/Hot-Bridging-Header.h";
			};
			name = Debug;
		};
		05AA4086251CF3D600106CEA /* Release */ = {
			isa = XCBuildConfiguration;
			buildSettings = {
				ALWAYS_EMBED_SWIFT_STANDARD_LIBRARIES = YES;
				CODE_SIGN_ENTITLEMENTS = Hot/Hot.entitlements;
				INFOPLIST_FILE = Hot/Info.plist;
				LD_RUNPATH_SEARCH_PATHS = (
					"$(inherited)",
					"@executable_path/../Frameworks",
				);
				MACOSX_DEPLOYMENT_TARGET = 10.13;
				PRODUCT_BUNDLE_IDENTIFIER = "com.xs-labs.Hot";
				PRODUCT_NAME = "$(TARGET_NAME)";
				SWIFT_OBJC_BRIDGING_HEADER = "Hot/Classes/Hot-Bridging-Header.h";
			};
			name = Release;
		};
/* End XCBuildConfiguration section */

/* Begin XCConfigurationList section */
		05AA4071251CF3D200106CEA /* Build configuration list for PBXProject "Hot" */ = {
			isa = XCConfigurationList;
			buildConfigurations = (
				05AA4082251CF3D600106CEA /* Debug */,
				05AA4083251CF3D600106CEA /* Release */,
			);
			defaultConfigurationIsVisible = 0;
			defaultConfigurationName = Release;
		};
		05AA4084251CF3D600106CEA /* Build configuration list for PBXNativeTarget "Hot" */ = {
			isa = XCConfigurationList;
			buildConfigurations = (
				05AA4085251CF3D600106CEA /* Debug */,
				05AA4086251CF3D600106CEA /* Release */,
			);
			defaultConfigurationIsVisible = 0;
			defaultConfigurationName = Release;
		};
/* End XCConfigurationList section */
	};
	rootObject = 05AA406E251CF3D200106CEA /* Project object */;
}
